
Microsoft Visual Studio Solution File, Format Version 12.00
# Visual Studio Version 16
VisualStudioVersion = 16.0.28917.181
MinimumVisualStudioVersion = 10.0.40219.1
Project("{9A19103F-16F7-4668-BE54-9A1E7A4F7556}") = "Tiler", "Tiler.csproj", "{D0312A1A-E256-48AF-8932-B656C9683B1A}"
EndProject
Global
	GlobalSection(SolutionConfigurationPlatforms) = preSolution
		Debug|Any CPU = Debug|Any CPU
		Release|Any CPU = Release|Any CPU
	EndGlobalSection
	GlobalSection(ProjectConfigurationPlatforms) = postSolution
		{D0312A1A-E256-48AF-8932-B656C9683B1A}.Debug|Any CPU.ActiveCfg = Debug|Any CPU
		{D0312A1A-E256-48AF-8932-B656C9683B1A}.Debug|Any CPU.Build.0 = Debug|Any CPU
		{D0312A1A-E256-48AF-8932-B656C9683B1A}.Release|Any CPU.ActiveCfg = Release|Any CPU
		{D0312A1A-E256-48AF-8932-B656C9683B1A}.Release|Any CPU.Build.0 = Release|Any CPU
	EndGlobalSection
	GlobalSection(SolutionProperties) = preSolution
		HideSolutionNode = FALSE
	EndGlobalSection
	GlobalSection(ExtensibilityGlobals) = postSolution
		SolutionGuid = {EE0B9B06-8842-4440-BE6D-D05B2670E367}
	EndGlobalSection
EndGlobal
